
Microsoft Visual Studio Solution File, Format Version 12.00
Project("{FAE04EC0-301F-11D3-BF4B-00C04F79EFBC}") = "Bashi.Console", "src\Bashi.Console\Bashi.Console.csproj", "{9D66B9BA-2636-4F26-9906-7967E6CCF392}"
EndProject
Project("{2150E333-8FDC-42A3-9474-1A3956D46DE8}") = "ConsoleApp", "ConsoleApp", "{4F8E7D29-123E-4BAA-B472-5C38359F6C23}"
EndProject
Project("{2150E333-8FDC-42A3-9474-1A3956D46DE8}") = "Core", "Core", "{40647E4A-AC6D-4D46-8401-4C45EE07CFDD}"
EndProject
Project("{FAE04EC0-301F-11D3-BF4B-00C04F79EFBC}") = "Bashi.Core", "src\Bashi.Core\Bashi.Core.csproj", "{DBF8F08E-2F1B-4661-A600-0D96F678EE23}"
EndProject
Project("{FAE04EC0-301F-11D3-BF4B-00C04F79EFBC}") = "Bashi.Core.Tests", "test\Bashi.Core.Tests\Bashi.Core.Tests.csproj", "{35A11D0C-C7DB-420F-A7F8-D1CE68FDB336}"
EndProject
Project("{2150E333-8FDC-42A3-9474-1A3956D46DE8}") = "Tests", "Tests", "{D0BD2F72-F454-45E3-86A7-32ED15464FF9}"
EndProject
Project("{FAE04EC0-301F-11D3-BF4B-00C04F79EFBC}") = "Bashi.Tests.Framework", "test\Bashi.Tests.Framework\Bashi.Tests.Framework.csproj", "{E963412A-713E-4A61-AB6D-7B9176329951}"
EndProject
Project("{FAE04EC0-301F-11D3-BF4B-00C04F79EFBC}") = "Bashi.Console.Tests", "test\Bashi.Console.Tests\Bashi.Console.Tests.csproj", "{74E70F64-8910-4A0B-B2BE-AA3752AA651A}"
EndProject
Global
	GlobalSection(SolutionConfigurationPlatforms) = preSolution
		Debug|Any CPU = Debug|Any CPU
		Release|Any CPU = Release|Any CPU
	EndGlobalSection
	GlobalSection(ProjectConfigurationPlatforms) = postSolution
		{9D66B9BA-2636-4F26-9906-7967E6CCF392}.Debug|Any CPU.ActiveCfg = Debug|Any CPU
		{9D66B9BA-2636-4F26-9906-7967E6CCF392}.Debug|Any CPU.Build.0 = Debug|Any CPU
		{9D66B9BA-2636-4F26-9906-7967E6CCF392}.Release|Any CPU.ActiveCfg = Release|Any CPU
		{9D66B9BA-2636-4F26-9906-7967E6CCF392}.Release|Any CPU.Build.0 = Release|Any CPU
		{DBF8F08E-2F1B-4661-A600-0D96F678EE23}.Debug|Any CPU.ActiveCfg = Debug|Any CPU
		{DBF8F08E-2F1B-4661-A600-0D96F678EE23}.Debug|Any CPU.Build.0 = Debug|Any CPU
		{DBF8F08E-2F1B-4661-A600-0D96F678EE23}.Release|Any CPU.ActiveCfg = Release|Any CPU
		{DBF8F08E-2F1B-4661-A600-0D96F678EE23}.Release|Any CPU.Build.0 = Release|Any CPU
		{35A11D0C-C7DB-420F-A7F8-D1CE68FDB336}.Debug|Any CPU.ActiveCfg = Debug|Any CPU
		{35A11D0C-C7DB-420F-A7F8-D1CE68FDB336}.Debug|Any CPU.Build.0 = Debug|Any CPU
		{35A11D0C-C7DB-420F-A7F8-D1CE68FDB336}.Release|Any CPU.ActiveCfg = Release|Any CPU
		{35A11D0C-C7DB-420F-A7F8-D1CE68FDB336}.Release|Any CPU.Build.0 = Release|Any CPU
		{E963412A-713E-4A61-AB6D-7B9176329951}.Debug|Any CPU.ActiveCfg = Debug|Any CPU
		{E963412A-713E-4A61-AB6D-7B9176329951}.Debug|Any CPU.Build.0 = Debug|Any CPU
		{E963412A-713E-4A61-AB6D-7B9176329951}.Release|Any CPU.ActiveCfg = Release|Any CPU
		{E963412A-713E-4A61-AB6D-7B9176329951}.Release|Any CPU.Build.0 = Release|Any CPU
		{74E70F64-8910-4A0B-B2BE-AA3752AA651A}.Debug|Any CPU.ActiveCfg = Debug|Any CPU
		{74E70F64-8910-4A0B-B2BE-AA3752AA651A}.Debug|Any CPU.Build.0 = Debug|Any CPU
		{74E70F64-8910-4A0B-B2BE-AA3752AA651A}.Release|Any CPU.ActiveCfg = Release|Any CPU
		{74E70F64-8910-4A0B-B2BE-AA3752AA651A}.Release|Any CPU.Build.0 = Release|Any CPU
	EndGlobalSection
	GlobalSection(NestedProjects) = preSolution
		{9D66B9BA-2636-4F26-9906-7967E6CCF392} = {4F8E7D29-123E-4BAA-B472-5C38359F6C23}
		{DBF8F08E-2F1B-4661-A600-0D96F678EE23} = {40647E4A-AC6D-4D46-8401-4C45EE07CFDD}
		{D0BD2F72-F454-45E3-86A7-32ED15464FF9} = {40647E4A-AC6D-4D46-8401-4C45EE07CFDD}
		{35A11D0C-C7DB-420F-A7F8-D1CE68FDB336} = {D0BD2F72-F454-45E3-86A7-32ED15464FF9}
		{E963412A-713E-4A61-AB6D-7B9176329951} = {D0BD2F72-F454-45E3-86A7-32ED15464FF9}
		{74E70F64-8910-4A0B-B2BE-AA3752AA651A} = {4F8E7D29-123E-4BAA-B472-5C38359F6C23}
	EndGlobalSection
EndGlobal
